
Microsoft Visual Studio Solution File, Format Version 12.00
# Visual Studio 2013
VisualStudioVersion = 12.0.21005.1
MinimumVisualStudioVersion = 10.0.40219.1
Project("{FAE04EC0-301F-11D3-BF4B-00C04F79EFBC}") = "ContactBookTextWeb", "ContactBookTextWeb\ContactBookTextWeb.csproj", "{F3F26A5E-065C-4D25-80F9-4D4B5D6C13CD}"
EndProject
Project("{FAE04EC0-301F-11D3-BF4B-00C04F79EFBC}") = "DataAccess", "DataAcces\DataAccess.csproj", "{070CFF1F-9F1E-4BE9-8C89-CA8FBF3DAB3D}"
EndProject
Global
	GlobalSection(SolutionConfigurationPlatforms) = preSolution
		Debug|Any CPU = Debug|Any CPU
		Release|Any CPU = Release|Any CPU
	EndGlobalSection
	GlobalSection(ProjectConfigurationPlatforms) = postSolution
		{F3F26A5E-065C-4D25-80F9-4D4B5D6C13CD}.Debug|Any CPU.ActiveCfg = Debug|Any CPU
		{F3F26A5E-065C-4D25-80F9-4D4B5D6C13CD}.Debug|Any CPU.Build.0 = Debug|Any CPU
		{F3F26A5E-065C-4D25-80F9-4D4B5D6C13CD}.Release|Any CPU.ActiveCfg = Release|Any CPU
		{F3F26A5E-065C-4D25-80F9-4D4B5D6C13CD}.Release|Any CPU.Build.0 = Release|Any CPU
		{070CFF1F-9F1E-4BE9-8C89-CA8FBF3DAB3D}.Debug|Any CPU.ActiveCfg = Debug|Any CPU
		{070CFF1F-9F1E-4BE9-8C89-CA8FBF3DAB3D}.Debug|Any CPU.Build.0 = Debug|Any CPU
		{070CFF1F-9F1E-4BE9-8C89-CA8FBF3DAB3D}.Release|Any CPU.ActiveCfg = Release|Any CPU
		{070CFF1F-9F1E-4BE9-8C89-CA8FBF3DAB3D}.Release|Any CPU.Build.0 = Release|Any CPU
	EndGlobalSection
	GlobalSection(SolutionProperties) = preSolution
		HideSolutionNode = FALSE
	EndGlobalSection
EndGlobal
